
Microsoft Visual Studio Solution File, Format Version 12.00
# Visual Studio Version 17
VisualStudioVersion = 17.8.34330.188
MinimumVisualStudioVersion = 10.0.40219.1
Project("{FAE04EC0-301F-11D3-BF4B-00C04F79EFBC}") = "CursoBackend", "CursoBackend\CursoBackend.csproj", "{CBF545FE-884B-4F63-BFA9-52A62104F316}"
EndProject
Global
	GlobalSection(SolutionConfigurationPlatforms) = preSolution
		Debug|Any CPU = Debug|Any CPU
		Release|Any CPU = Release|Any CPU
	EndGlobalSection
	GlobalSection(ProjectConfigurationPlatforms) = postSolution
		{CBF545FE-884B-4F63-BFA9-52A62104F316}.Debug|Any CPU.ActiveCfg = Debug|Any CPU
		{CBF545FE-884B-4F63-BFA9-52A62104F316}.Debug|Any CPU.Build.0 = Debug|Any CPU
		{CBF545FE-884B-4F63-BFA9-52A62104F316}.Release|Any CPU.ActiveCfg = Release|Any CPU
		{CBF545FE-884B-4F63-BFA9-52A62104F316}.Release|Any CPU.Build.0 = Release|Any CPU
	EndGlobalSection
	GlobalSection(SolutionProperties) = preSolution
		HideSolutionNode = FALSE
	EndGlobalSection
	GlobalSection(ExtensibilityGlobals) = postSolution
		SolutionGuid = {B58B4DEE-AE0D-48D5-8CDC-AC87E3BC08F3}
	EndGlobalSection
EndGlobal
